<?xml version="1.0" encoding="utf-8"?>
<Project ToolsVersion="4.0" xmlns="http://schemas.microsoft.com/developer/msbuild/2003">
  <ItemGroup>
    <Filter Include="Source Files">
      <UniqueIdentifier>{4FC737F1-C7A5-4376-A066-2A32D752A2FF}</UniqueIdentifier>
      <Extensions>cpp;c;cc;cxx;def;odl;idl;hpj;bat;asm;asmx</Extensions>
    </Filter>
    <Filter Include="Header Files">
      <UniqueIdentifier>{93995380-89BD-4b04-88EB-625FBE52EBFB}</UniqueIdentifier>
      <Extensions>h;hh;hpp;hxx;hm;inl;inc;xsd</Extensions>
    </Filter>
    <Filter Include="Header Files\engine">
      <UniqueIdentifier>{4f8e8ce8-410e-4a9e-96ca-26b1a6e1ed4a}</UniqueIdentifier>
    </Filter>
    <Filter Include="Header Files\banks">
      <UniqueIdentifier>{1b877acd-96c8-4596-8eba-6cc8299ced66}</UniqueIdentifier>
    </Filter>
    <Filter Include="Source Files\banks">
      <UniqueIdentifier>{3118bec3-4f18-45fb-91c4-a66b59092a7f}</UniqueIdentifier>
    </Filter>
    <Filter Include="Header Files\screen">
      <UniqueIdentifier>{74a20b80-c679-4938-af84-530851f1c5be}</UniqueIdentifier>
    </Filter>
    <Filter Include="Header Files\object">
      <UniqueIdentifier>{79a8a461-c450-49f0-8f11-63f21e770726}</UniqueIdentifier>
    </Filter>
    <Filter Include="Header Files\source">
      <UniqueIdentifier>{94e40a83-d16c-4dc9-8e12-729397c74e68}</UniqueIdentifier>
    </Filter>
    <Filter Include="Source Files\source">
      <UniqueIdentifier>{26f64808-1ba2-4e89-acd9-d35b0f52c691}</UniqueIdentifier>
    </Filter>
    <Filter Include="Resource Files">
      <UniqueIdentifier>{67DA6AB6-F800-4c08-8B7A-83BB121AAD01}</UniqueIdentifier>
      <Extensions>rc;ico;cur;bmp;dlg;rc2;rct;bin;rgs;gif;jpg;jpeg;jpe;resx;tiff;tif;png;wav;mfcribbon-ms</Extensions>
    </Filter>
    <Filter Include="Source Files\screen">
      <UniqueIdentifier>{25c793a4-5510-464f-a9eb-2e0fac2d651f}</UniqueIdentifier>
    </Filter>
    <Filter Include="Source Files\object">
      <UniqueIdentifier>{f8c005f3-0117-4353-a8e5-2661e1f520cc}</UniqueIdentifier>
    </Filter>
    <Filter Include="Source Files\engine">
      <UniqueIdentifier>{bed91bba-6ee2-4948-b3e3-58ed5eb1b3ff}</UniqueIdentifier>
    </Filter>
    <Filter Include="Header Files\content">
      <UniqueIdentifier>{a095ca78-d0fa-47cd-ac6d-306f4b7ea492}</UniqueIdentifier>
    </Filter>
    <Filter Include="Source Files\content">
      <UniqueIdentifier>{d0a30c12-700a-4d99-a846-7ece3c7c7f31}</UniqueIdentifier>
    </Filter>
  </ItemGroup>
  <ItemGroup>
    <ClCompile Include="main.c">
      <Filter>Source Files</Filter>
    </ClCompile>
    <ClCompile Include="source\global_manager.c">
      <Filter>Source Files\source</Filter>
    </ClCompile>
    <ClCompile Include="source\hack_manager.c">
      <Filter>Source Files\source</Filter>
    </ClCompile>
    <ClCompile Include="source\enemy_manager.c">
      <Filter>Source Files\source</Filter>
    </ClCompile>
    <ClCompile Include="source\player_manager.c">
      <Filter>Source Files\source</Filter>
    </ClCompile>
    <ClCompile Include="source\level_manager.c">
      <Filter>Source Files\source</Filter>
    </ClCompile>
    <ClCompile Include="source\none_screen.c">
      <Filter>Source Files\screen</Filter>
    </ClCompile>
    <ClCompile Include="source\test_screen.c">
      <Filter>Source Files\screen</Filter>
    </ClCompile>
    <ClCompile Include="source\level_object.c">
      <Filter>Source Files\object</Filter>
    </ClCompile>
    <ClCompile Include="banks\bank3.c">
      <Filter>Source Files\banks</Filter>
    </ClCompile>
    <ClCompile Include="source\func_screen.c">
      <Filter>Source Files\screen</Filter>
    </ClCompile>
    <ClCompile Include="source\play_screen.c">
      <Filter>Source Files\screen</Filter>
    </ClCompile>
    <ClCompile Include="source\_sms_manager.c">
      <Filter>Source Files\engine</Filter>
    </ClCompile>
    <ClCompile Include="source\content_manager.c">
      <Filter>Source Files\engine</Filter>
    </ClCompile>
    <ClCompile Include="source\font_manager.c">
      <Filter>Source Files\engine</Filter>
    </ClCompile>
    <ClCompile Include="source\game_manager.c">
      <Filter>Source Files\engine</Filter>
    </ClCompile>
    <ClCompile Include="source\input_manager.c">
      <Filter>Source Files\engine</Filter>
    </ClCompile>
    <ClCompile Include="source\sprite_manager.c">
      <Filter>Source Files\engine</Filter>
    </ClCompile>
    <ClCompile Include="source\tile_manager.c">
      <Filter>Source Files\engine</Filter>
    </ClCompile>
    <ClCompile Include="source\debug_manager.c">
      <Filter>Source Files\source</Filter>
    </ClCompile>
    <ClCompile Include="source\load_screen.c">
      <Filter>Source Files\screen</Filter>
    </ClCompile>
    <ClCompile Include="source\state_manager.c">
      <Filter>Source Files\source</Filter>
    </ClCompile>
    <ClCompile Include="source\anim_object.c">
      <Filter>Source Files\object</Filter>
    </ClCompile>
    <ClCompile Include="source\anim_manager.c">
      <Filter>Source Files\source</Filter>
    </ClCompile>
    <ClCompile Include="source\init_screen.c">
      <Filter>Source Files\screen</Filter>
    </ClCompile>
    <ClCompile Include="source\screen_manager.c">
      <Filter>Source Files\engine</Filter>
    </ClCompile>
    <ClCompile Include="source\audio_manager.c">
      <Filter>Source Files\engine</Filter>
    </ClCompile>
    <ClCompile Include="source\_snd_manager.c">
      <Filter>Source Files\engine</Filter>
    </ClCompile>
    <ClCompile Include="source\dead_screen.c">
      <Filter>Source Files\screen</Filter>
    </ClCompile>
    <ClCompile Include="banks\bank4.c">
      <Filter>Source Files\banks</Filter>
    </ClCompile>
    <ClCompile Include="banks\bank5.c">
      <Filter>Source Files\banks</Filter>
    </ClCompile>
    <ClCompile Include="banks\bank2.c">
      <Filter>Source Files\banks</Filter>
    </ClCompile>
    <ClCompile Include="gfx.c">
      <Filter>Source Files\content</Filter>
    </ClCompile>
    <ClCompile Include="source\memory_manager.c">
      <Filter>Source Files\engine</Filter>
    </ClCompile>
    <ClCompile Include="source\pass_screen.c">
      <Filter>Source Files\screen</Filter>
    </ClCompile>
    <ClCompile Include="source\over_screen.c">
      <Filter>Source Files\screen</Filter>
    </ClCompile>
    <ClCompile Include="source\delay_manager.c">
      <Filter>Source Files\engine</Filter>
    </ClCompile>
    <ClCompile Include="source\info_manager.c">
      <Filter>Source Files\engine</Filter>
    </ClCompile>
    <ClCompile Include="source\splash_screen.c">
      <Filter>Source Files\screen</Filter>
    </ClCompile>
    <ClCompile Include="source\title_screen.c">
      <Filter>Source Files\screen</Filter>
    </ClCompile>
    <ClCompile Include="source\stats_manager.c">
      <Filter>Source Files\engine</Filter>
    </ClCompile>
    <ClCompile Include="source\intro_screen.c">
      <Filter>Source Files\screen</Filter>
    </ClCompile>
    <ClCompile Include="source\diff_screen.c">
      <Filter>Source Files\screen</Filter>
    </ClCompile>
    <ClCompile Include="source\level_screen.c">
      <Filter>Source Files\screen</Filter>
    </ClCompile>
    <ClCompile Include="source\reset_screen.c">
      <Filter>Source Files\screen</Filter>
    </ClCompile>
    <ClCompile Include="source\cont_screen.c">
      <Filter>Source Files\screen</Filter>
    </ClCompile>
    <ClCompile Include="source\beat_screen.c">
      <Filter>Source Files\screen</Filter>
    </ClCompile>
    <ClCompile Include="source\text_manager.c">
      <Filter>Source Files\engine</Filter>
    </ClCompile>
    <ClCompile Include="source\ready_screen.c">
      <Filter>Source Files\screen</Filter>
    </ClCompile>
    <ClCompile Include="source\begin_screen.c">
      <Filter>Source Files\screen</Filter>
    </ClCompile>
    <ClCompile Include="psg.c">
      <Filter>Source Files\content</Filter>
    </ClCompile>
    <ClCompile Include="source\memo_manager.c">
      <Filter>Source Files\source</Filter>
    </ClCompile>
    <ClCompile Include="source\score_manager.c">
      <Filter>Source Files\source</Filter>
    </ClCompile>
    <ClCompile Include="source\gems_screen.c">
      <Filter>Source Files\screen</Filter>
    </ClCompile>
    <ClCompile Include="engine\asm_manager.c">
      <Filter>Source Files\engine</Filter>
    </ClCompile>
    <ClCompile Include="source\reset_manager.c">
      <Filter>Source Files\source</Filter>
    </ClCompile>
    <ClCompile Include="source\audio_object.c">
      <Filter>Source Files\object</Filter>
    </ClCompile>
    <ClCompile Include="banks\bank6.c">
      <Filter>Source Files\banks</Filter>
    </ClCompile>
    <ClCompile Include="banks\bank7.c">
      <Filter>Source Files\banks</Filter>
    </ClCompile>
    <ClCompile Include="banks\bank8.c">
      <Filter>Source Files\banks</Filter>
    </ClCompile>
    <ClCompile Include="banks\bank9.c">
      <Filter>Source Files\banks</Filter>
    </ClCompile>
    <ClCompile Include="source\view_screen.c">
      <Filter>Source Files\screen</Filter>
    </ClCompile>
    <ClCompile Include="source\intro_object.c">
      <Filter>Source Files\object</Filter>
    </ClCompile>
    <ClCompile Include="source\tutorial_object.c">
      <Filter>Source Files\object</Filter>
    </ClCompile>
    <ClCompile Include="source\pace_screen.c">
      <Filter>Source Files\screen</Filter>
    </ClCompile>
    <ClCompile Include="source\entry_screen.c">
      <Filter>Source Files\screen</Filter>
    </ClCompile>
    <ClCompile Include="banks\bank10.c">
      <Filter>Source Files\banks</Filter>
    </ClCompile>
    <ClCompile Include="banks\bank11.c">
      <Filter>Source Files\banks</Filter>
    </ClCompile>
    <ClCompile Include="banks\bank12.c">
      <Filter>Source Files\banks</Filter>
    </ClCompile>
    <ClCompile Include="banks\bank13.c">
      <Filter>Source Files\banks</Filter>
    </ClCompile>
    <ClCompile Include="banks\bank14.c">
      <Filter>Source Files\banks</Filter>
    </ClCompile>
    <ClCompile Include="banks\bank15.c">
      <Filter>Source Files\banks</Filter>
    </ClCompile>
  </ItemGroup>
  <ItemGroup>
    <ClInclude Include="main.h">
      <Filter>Header Files</Filter>
    </ClInclude>
    <ClInclude Include="engine\asm_manager.h">
      <Filter>Header Files\engine</Filter>
    </ClInclude>
    <ClInclude Include="source\global_manager.h">
      <Filter>Header Files\source</Filter>
    </ClInclude>
    <ClInclude Include="source\hack_manager.h">
      <Filter>Header Files\source</Filter>
    </ClInclude>
    <ClInclude Include="source\enemy_manager.h">
      <Filter>Header Files\source</Filter>
    </ClInclude>
    <ClInclude Include="source\player_manager.h">
      <Filter>Header Files\source</Filter>
    </ClInclude>
    <ClInclude Include="source\level_manager.h">
      <Filter>Header Files\source</Filter>
    </ClInclude>
    <ClInclude Include="source\none_screen.h">
      <Filter>Header Files\screen</Filter>
    </ClInclude>
    <ClInclude Include="source\test_screen.h">
      <Filter>Header Files\screen</Filter>
    </ClInclude>
    <ClInclude Include="source\player_object.h">
      <Filter>Header Files\object</Filter>
    </ClInclude>
    <ClInclude Include="source\level_object.h">
      <Filter>Header Files\object</Filter>
    </ClInclude>
    <ClInclude Include="banks\bank3.h">
      <Filter>Header Files\banks</Filter>
    </ClInclude>
    <ClInclude Include="source\func_screen.h">
      <Filter>Header Files\screen</Filter>
    </ClInclude>
    <ClInclude Include="source\play_screen.h">
      <Filter>Header Files\screen</Filter>
    </ClInclude>
    <ClInclude Include="source\hack_object.h">
      <Filter>Header Files\object</Filter>
    </ClInclude>
    <ClInclude Include="source\content_manager.h">
      <Filter>Header Files\engine</Filter>
    </ClInclude>
    <ClInclude Include="source\input_manager.h">
      <Filter>Header Files\engine</Filter>
    </ClInclude>
    <ClInclude Include="source\sprite_manager.h">
      <Filter>Header Files\engine</Filter>
    </ClInclude>
    <ClInclude Include="source\tile_manager.h">
      <Filter>Header Files\engine</Filter>
    </ClInclude>
    <ClInclude Include="source\font_manager.h">
      <Filter>Header Files\engine</Filter>
    </ClInclude>
    <ClInclude Include="source\game_manager.h">
      <Filter>Header Files\engine</Filter>
    </ClInclude>
    <ClInclude Include="source\_sms_manager.h">
      <Filter>Header Files\engine</Filter>
    </ClInclude>
    <ClInclude Include="source\enum_manager.h">
      <Filter>Header Files\engine</Filter>
    </ClInclude>
    <ClInclude Include="source\enemy_object.h">
      <Filter>Header Files\object</Filter>
    </ClInclude>
    <ClInclude Include="source\debug_manager.h">
      <Filter>Header Files\source</Filter>
    </ClInclude>
    <ClInclude Include="source\state_manager.h">
      <Filter>Header Files\source</Filter>
    </ClInclude>
    <ClInclude Include="source\load_screen.h">
      <Filter>Header Files\screen</Filter>
    </ClInclude>
    <ClInclude Include="source\anim_object.h">
      <Filter>Header Files\object</Filter>
    </ClInclude>
    <ClInclude Include="source\anim_manager.h">
      <Filter>Header Files\source</Filter>
    </ClInclude>
    <ClInclude Include="source\init_screen.h">
      <Filter>Header Files\screen</Filter>
    </ClInclude>
    <ClInclude Include="source\screen_manager.h">
      <Filter>Header Files\engine</Filter>
    </ClInclude>
    <ClInclude Include="source\audio_manager.h">
      <Filter>Header Files\engine</Filter>
    </ClInclude>
    <ClInclude Include="source\_snd_manager.h">
      <Filter>Header Files\engine</Filter>
    </ClInclude>
    <ClInclude Include="source\dead_screen.h">
      <Filter>Header Files\screen</Filter>
    </ClInclude>
    <ClInclude Include="banks\bank4.h">
      <Filter>Header Files\banks</Filter>
    </ClInclude>
    <ClInclude Include="banks\bank5.h">
      <Filter>Header Files\banks</Filter>
    </ClInclude>
    <ClInclude Include="banks\bank2.h">
      <Filter>Header Files\banks</Filter>
    </ClInclude>
    <ClInclude Include="gfx.h">
      <Filter>Header Files\content</Filter>
    </ClInclude>
    <ClInclude Include="source\memory_manager.h">
      <Filter>Header Files\engine</Filter>
    </ClInclude>
    <ClInclude Include="source\pass_screen.h">
      <Filter>Header Files\screen</Filter>
    </ClInclude>
    <ClInclude Include="source\over_screen.h">
      <Filter>Header Files\screen</Filter>
    </ClInclude>
    <ClInclude Include="source\delay_manager.h">
      <Filter>Header Files\engine</Filter>
    </ClInclude>
    <ClInclude Include="source\delay_object.h">
      <Filter>Header Files\object</Filter>
    </ClInclude>
    <ClInclude Include="source\game_object.h">
      <Filter>Header Files\object</Filter>
    </ClInclude>
    <ClInclude Include="source\info_manager.h">
      <Filter>Header Files\engine</Filter>
    </ClInclude>
    <ClInclude Include="source\splash_screen.h">
      <Filter>Header Files\screen</Filter>
    </ClInclude>
    <ClInclude Include="source\title_screen.h">
      <Filter>Header Files\screen</Filter>
    </ClInclude>
    <ClInclude Include="source\stats_object.h">
      <Filter>Header Files\object</Filter>
    </ClInclude>
    <ClInclude Include="source\stats_manager.h">
      <Filter>Header Files\engine</Filter>
    </ClInclude>
    <ClInclude Include="source\intro_screen.h">
      <Filter>Header Files\screen</Filter>
    </ClInclude>
    <ClInclude Include="source\diff_screen.h">
      <Filter>Header Files\screen</Filter>
    </ClInclude>
    <ClInclude Include="source\level_screen.h">
      <Filter>Header Files\screen</Filter>
    </ClInclude>
    <ClInclude Include="source\reset_screen.h">
      <Filter>Header Files\screen</Filter>
    </ClInclude>
    <ClInclude Include="source\cont_screen.h">
      <Filter>Header Files\screen</Filter>
    </ClInclude>
    <ClInclude Include="source\beat_screen.h">
      <Filter>Header Files\screen</Filter>
    </ClInclude>
    <ClInclude Include="source\locale_manager.h">
      <Filter>Header Files\source</Filter>
    </ClInclude>
    <ClInclude Include="source\text_manager.h">
      <Filter>Header Files\engine</Filter>
    </ClInclude>
    <ClInclude Include="source\ready_screen.h">
      <Filter>Header Files\screen</Filter>
    </ClInclude>
    <ClInclude Include="source\begin_screen.h">
      <Filter>Header Files\screen</Filter>
    </ClInclude>
    <ClInclude Include="psg.h">
      <Filter>Header Files\content</Filter>
    </ClInclude>
    <ClInclude Include="source\score_manager.h">
      <Filter>Header Files\source</Filter>
    </ClInclude>
    <ClInclude Include="source\memo_manager.h">
      <Filter>Header Files\source</Filter>
    </ClInclude>
    <ClInclude Include="source\score_object.h">
      <Filter>Header Files\object</Filter>
    </ClInclude>
    <ClInclude Include="source\gems_screen.h">
      <Filter>Header Files\screen</Filter>
    </ClInclude>
    <ClInclude Include="source\reset_object.h">
      <Filter>Header Files\object</Filter>
    </ClInclude>
    <ClInclude Include="source\reset_manager.h">
      <Filter>Header Files\source</Filter>
    </ClInclude>
    <ClInclude Include="source\audio_object.h">
      <Filter>Header Files\object</Filter>
    </ClInclude>
    <ClInclude Include="banks\bank6.h">
      <Filter>Header Files\banks</Filter>
    </ClInclude>
    <ClInclude Include="banks\bank7.h">
      <Filter>Header Files\banks</Filter>
    </ClInclude>
    <ClInclude Include="banks\bank8.h">
      <Filter>Header Files\banks</Filter>
    </ClInclude>
    <ClInclude Include="banks\bank9.h">
      <Filter>Header Files\banks</Filter>
    </ClInclude>
    <ClInclude Include="source\view_screen.h">
      <Filter>Header Files\screen</Filter>
    </ClInclude>
    <ClInclude Include="source\intro_object.h">
      <Filter>Header Files\object</Filter>
    </ClInclude>
    <ClInclude Include="source\tutorial_object.h">
      <Filter>Header Files\object</Filter>
    </ClInclude>
    <ClInclude Include="source\pace_screen.h">
      <Filter>Header Files\screen</Filter>
    </ClInclude>
    <ClInclude Include="source\entry_screen.h">
      <Filter>Header Files\screen</Filter>
    </ClInclude>
    <ClInclude Include="banks\bank10.h">
      <Filter>Header Files\banks</Filter>
    </ClInclude>
    <ClInclude Include="banks\bank11.h">
      <Filter>Header Files\banks</Filter>
    </ClInclude>
    <ClInclude Include="banks\bank12.h">
      <Filter>Header Files\banks</Filter>
    </ClInclude>
    <ClInclude Include="banks\bank13.h">
      <Filter>Header Files\banks</Filter>
    </ClInclude>
    <ClInclude Include="banks\bank14.h">
      <Filter>Header Files\banks</Filter>
    </ClInclude>
    <ClInclude Include="banks\bank15.h">
      <Filter>Header Files\banks</Filter>
    </ClInclude>
  </ItemGroup>
  <ItemGroup>
    <None Include="build.bat">
      <Filter>Resource Files</Filter>
    </None>
  </ItemGroup>
</Project>